// !$*UTF8*$!
{
	archiveVersion = 1;
	classes = {
	};
	objectVersion = 56;
	objects = {

/* Begin PBXBuildFile section */
		DF81C6E12C01340000093F1B /* HomeView.swift in Sources */ = {isa = PBXBuildFile; fileRef = DF81C6E02C01340000093F1B /* HomeView.swift */; };
		DF81C6E62C0135A700093F1B /* CircleButtonView.swift in Sources */ = {isa = PBXBuildFile; fileRef = DF81C6E52C0135A700093F1B /* CircleButtonView.swift */; };
		DF81C6E82C013A7D00093F1B /* CircleButtonAnimationView.swift in Sources */ = {isa = PBXBuildFile; fileRef = DF81C6E72C013A7D00093F1B /* CircleButtonAnimationView.swift */; };
		DF81C6EC2C013EB000093F1B /* CoinModel.swift in Sources */ = {isa = PBXBuildFile; fileRef = DF81C6EB2C013EB000093F1B /* CoinModel.swift */; };
		DF81C6F02C014D1B00093F1B /* PreviewProvider.swift in Sources */ = {isa = PBXBuildFile; fileRef = DF81C6EF2C014D1B00093F1B /* PreviewProvider.swift */; };
		DF81C6F22C01503200093F1B /* CoinRowView.swift in Sources */ = {isa = PBXBuildFile; fileRef = DF81C6F12C01503200093F1B /* CoinRowView.swift */; };
		DF81C6F42C01535700093F1B /* Double.swift in Sources */ = {isa = PBXBuildFile; fileRef = DF81C6F32C01535700093F1B /* Double.swift */; };
		DFF7DF172C01216C004BE685 /* CryptoAppApp.swift in Sources */ = {isa = PBXBuildFile; fileRef = DFF7DF162C01216C004BE685 /* CryptoAppApp.swift */; };
		DFF7DF1B2C01216D004BE685 /* Assets.xcassets in Resources */ = {isa = PBXBuildFile; fileRef = DFF7DF1A2C01216D004BE685 /* Assets.xcassets */; };
		DFF7DF1E2C01216D004BE685 /* Preview Assets.xcassets in Resources */ = {isa = PBXBuildFile; fileRef = DFF7DF1D2C01216D004BE685 /* Preview Assets.xcassets */; };
		DFF7DF272C0124F1004BE685 /* Color.swift in Sources */ = {isa = PBXBuildFile; fileRef = DFF7DF262C0124F1004BE685 /* Color.swift */; };
/* End PBXBuildFile section */

/* Begin PBXFileReference section */
		DF81C6E02C01340000093F1B /* HomeView.swift */ = {isa = PBXFileReference; lastKnownFileType = sourcecode.swift; path = HomeView.swift; sourceTree = "<group>"; };
		DF81C6E52C0135A700093F1B /* CircleButtonView.swift */ = {isa = PBXFileReference; lastKnownFileType = sourcecode.swift; path = CircleButtonView.swift; sourceTree = "<group>"; };
		DF81C6E72C013A7D00093F1B /* CircleButtonAnimationView.swift */ = {isa = PBXFileReference; lastKnownFileType = sourcecode.swift; path = CircleButtonAnimationView.swift; sourceTree = "<group>"; };
		DF81C6EB2C013EB000093F1B /* CoinModel.swift */ = {isa = PBXFileReference; lastKnownFileType = sourcecode.swift; path = CoinModel.swift; sourceTree = "<group>"; };
		DF81C6EF2C014D1B00093F1B /* PreviewProvider.swift */ = {isa = PBXFileReference; lastKnownFileType = sourcecode.swift; path = PreviewProvider.swift; sourceTree = "<group>"; };
		DF81C6F12C01503200093F1B /* CoinRowView.swift */ = {isa = PBXFileReference; lastKnownFileType = sourcecode.swift; path = CoinRowView.swift; sourceTree = "<group>"; };
		DF81C6F32C01535700093F1B /* Double.swift */ = {isa = PBXFileReference; lastKnownFileType = sourcecode.swift; path = Double.swift; sourceTree = "<group>"; };
		DFF7DF132C01216C004BE685 /* CryptoApp.app */ = {isa = PBXFileReference; explicitFileType = wrapper.application; includeInIndex = 0; path = CryptoApp.app; sourceTree = BUILT_PRODUCTS_DIR; };
		DFF7DF162C01216C004BE685 /* CryptoAppApp.swift */ = {isa = PBXFileReference; lastKnownFileType = sourcecode.swift; path = CryptoAppApp.swift; sourceTree = "<group>"; };
		DFF7DF1A2C01216D004BE685 /* Assets.xcassets */ = {isa = PBXFileReference; lastKnownFileType = folder.assetcatalog; path = Assets.xcassets; sourceTree = "<group>"; };
		DFF7DF1D2C01216D004BE685 /* Preview Assets.xcassets */ = {isa = PBXFileReference; lastKnownFileType = folder.assetcatalog; path = "Preview Assets.xcassets"; sourceTree = "<group>"; };
		DFF7DF242C012180004BE685 /* README.md */ = {isa = PBXFileReference; lastKnownFileType = net.daringfireball.markdown; path = README.md; sourceTree = "<group>"; };
		DFF7DF262C0124F1004BE685 /* Color.swift */ = {isa = PBXFileReference; lastKnownFileType = sourcecode.swift; path = Color.swift; sourceTree = "<group>"; };
/* End PBXFileReference section */

/* Begin PBXFrameworksBuildPhase section */
		DFF7DF102C01216C004BE685 /* Frameworks */ = {
			isa = PBXFrameworksBuildPhase;
			buildActionMask = 2147483647;
			files = (
			);
			runOnlyForDeploymentPostprocessing = 0;
		};
/* End PBXFrameworksBuildPhase section */

/* Begin PBXGroup section */
		DF81C6DC2C0133D900093F1B /* Core */ = {
			isa = PBXGroup;
			children = (
				DF81C6E22C01356500093F1B /* Components */,
				DF81C6DD2C0133E400093F1B /* Home */,
			);
			path = Core;
			sourceTree = "<group>";
		};
		DF81C6DD2C0133E400093F1B /* Home */ = {
			isa = PBXGroup;
			children = (
				DF81C6DF2C0133F100093F1B /* ViewModels */,
				DF81C6DE2C0133E800093F1B /* Views */,
			);
			path = Home;
			sourceTree = "<group>";
		};
		DF81C6DE2C0133E800093F1B /* Views */ = {
			isa = PBXGroup;
			children = (
				DF81C6E02C01340000093F1B /* HomeView.swift */,
				DF81C6F12C01503200093F1B /* CoinRowView.swift */,
			);
			path = Views;
			sourceTree = "<group>";
		};
		DF81C6DF2C0133F100093F1B /* ViewModels */ = {
			isa = PBXGroup;
			children = (
			);
			path = ViewModels;
			sourceTree = "<group>";
		};
		DF81C6E22C01356500093F1B /* Components */ = {
			isa = PBXGroup;
			children = (
				DF81C6E32C01356C00093F1B /* Home */,
			);
			path = Components;
			sourceTree = "<group>";
		};
		DF81C6E32C01356C00093F1B /* Home */ = {
			isa = PBXGroup;
			children = (
				DF81C6E42C01358A00093F1B /* CircleButton */,
			);
			path = Home;
			sourceTree = "<group>";
		};
		DF81C6E42C01358A00093F1B /* CircleButton */ = {
			isa = PBXGroup;
			children = (
				DF81C6E72C013A7D00093F1B /* CircleButtonAnimationView.swift */,
				DF81C6E52C0135A700093F1B /* CircleButtonView.swift */,
			);
			path = CircleButton;
			sourceTree = "<group>";
		};
		DF81C6E92C013E5E00093F1B /* Models */ = {
			isa = PBXGroup;
			children = (
				DF81C6EB2C013EB000093F1B /* CoinModel.swift */,
			);
			path = Models;
			sourceTree = "<group>";
		};
		DF81C6EA2C013E6C00093F1B /* Root */ = {
			isa = PBXGroup;
			children = (
				DFF7DF162C01216C004BE685 /* CryptoAppApp.swift */,
			);
			path = Root;
			sourceTree = "<group>";
		};
		DFF7DF0A2C01216C004BE685 = {
			isa = PBXGroup;
			children = (
				DFF7DF242C012180004BE685 /* README.md */,
				DFF7DF152C01216C004BE685 /* CryptoApp */,
				DFF7DF142C01216C004BE685 /* Products */,
			);
			sourceTree = "<group>";
		};
		DFF7DF142C01216C004BE685 /* Products */ = {
			isa = PBXGroup;
			children = (
				DFF7DF132C01216C004BE685 /* CryptoApp.app */,
			);
			name = Products;
			sourceTree = "<group>";
		};
		DFF7DF152C01216C004BE685 /* CryptoApp */ = {
			isa = PBXGroup;
			children = (
				DFF7DF1A2C01216D004BE685 /* Assets.xcassets */,
				DF81C6DC2C0133D900093F1B /* Core */,
				DF81C6E92C013E5E00093F1B /* Models */,
				DFF7DF252C0124E0004BE685 /* Extensions */,
				DFF7DF1C2C01216D004BE685 /* Preview Content */,
				DF81C6EA2C013E6C00093F1B /* Root */,
			);
			path = CryptoApp;
			sourceTree = "<group>";
		};
		DFF7DF1C2C01216D004BE685 /* Preview Content */ = {
			isa = PBXGroup;
			children = (
				DFF7DF1D2C01216D004BE685 /* Preview Assets.xcassets */,
			);
			path = "Preview Content";
			sourceTree = "<group>";
		};
		DFF7DF252C0124E0004BE685 /* Extensions */ = {
			isa = PBXGroup;
			children = (
				DFF7DF262C0124F1004BE685 /* Color.swift */,
				DF81C6EF2C014D1B00093F1B /* PreviewProvider.swift */,
				DF81C6F32C01535700093F1B /* Double.swift */,
			);
			path = Extensions;
			sourceTree = "<group>";
		};
/* End PBXGroup section */

/* Begin PBXNativeTarget section */
		DFF7DF122C01216C004BE685 /* CryptoApp */ = {
			isa = PBXNativeTarget;
			buildConfigurationList = DFF7DF212C01216D004BE685 /* Build configuration list for PBXNativeTarget "CryptoApp" */;
			buildPhases = (
				DFF7DF0F2C01216C004BE685 /* Sources */,
				DFF7DF102C01216C004BE685 /* Frameworks */,
				DFF7DF112C01216C004BE685 /* Resources */,
			);
			buildRules = (
			);
			dependencies = (
			);
			name = CryptoApp;
			productName = CryptoApp;
			productReference = DFF7DF132C01216C004BE685 /* CryptoApp.app */;
			productType = "com.apple.product-type.application";
		};
/* End PBXNativeTarget section */

/* Begin PBXProject section */
		DFF7DF0B2C01216C004BE685 /* Project object */ = {
			isa = PBXProject;
			attributes = {
				BuildIndependentTargetsInParallel = 1;
				LastSwiftUpdateCheck = 1520;
				LastUpgradeCheck = 1520;
				TargetAttributes = {
					DFF7DF122C01216C004BE685 = {
						CreatedOnToolsVersion = 15.2;
					};
				};
			};
			buildConfigurationList = DFF7DF0E2C01216C004BE685 /* Build configuration list for PBXProject "CryptoApp" */;
			compatibilityVersion = "Xcode 14.0";
			developmentRegion = en;
			hasScannedForEncodings = 0;
			knownRegions = (
				en,
				Base,
			);
			mainGroup = DFF7DF0A2C01216C004BE685;
			productRefGroup = DFF7DF142C01216C004BE685 /* Products */;
			projectDirPath = "";
			projectRoot = "";
			targets = (
				DFF7DF122C01216C004BE685 /* CryptoApp */,
			);
		};
/* End PBXProject section */

/* Begin PBXResourcesBuildPhase section */
		DFF7DF112C01216C004BE685 /* Resources */ = {
			isa = PBXResourcesBuildPhase;
			buildActionMask = 2147483647;
			files = (
				DFF7DF1E2C01216D004BE685 /* Preview Assets.xcassets in Resources */,
				DFF7DF1B2C01216D004BE685 /* Assets.xcassets in Resources */,
			);
			runOnlyForDeploymentPostprocessing = 0;
		};
/* End PBXResourcesBuildPhase section */

/* Begin PBXSourcesBuildPhase section */
		DFF7DF0F2C01216C004BE685 /* Sources */ = {
			isa = PBXSourcesBuildPhase;
			buildActionMask = 2147483647;
			files = (
				DF81C6F22C01503200093F1B /* CoinRowView.swift in Sources */,
				DF81C6E12C01340000093F1B /* HomeView.swift in Sources */,
				DFF7DF172C01216C004BE685 /* CryptoAppApp.swift in Sources */,
				DF81C6E82C013A7D00093F1B /* CircleButtonAnimationView.swift in Sources */,
				DF81C6E62C0135A700093F1B /* CircleButtonView.swift in Sources */,
				DF81C6EC2C013EB000093F1B /* CoinModel.swift in Sources */,
				DF81C6F02C014D1B00093F1B /* PreviewProvider.swift in Sources */,
				DF81C6F42C01535700093F1B /* Double.swift in Sources */,
				DFF7DF272C0124F1004BE685 /* Color.swift in Sources */,
			);
			runOnlyForDeploymentPostprocessing = 0;
		};
/* End PBXSourcesBuildPhase section */

/* Begin XCBuildConfiguration section */
		DFF7DF1F2C01216D004BE685 /* Debug */ = {
			isa = XCBuildConfiguration;
			buildSettings = {
				ALWAYS_SEARCH_USER_PATHS = NO;
				ASSETCATALOG_COMPILER_GENERATE_SWIFT_ASSET_SYMBOL_EXTENSIONS = YES;
				CLANG_ANALYZER_NONNULL = YES;
				CLANG_ANALYZER_NUMBER_OBJECT_CONVERSION = YES_AGGRESSIVE;
				CLANG_CXX_LANGUAGE_STANDARD = "gnu++20";
				CLANG_ENABLE_MODULES = YES;
				CLANG_ENABLE_OBJC_ARC = YES;
				CLANG_ENABLE_OBJC_WEAK = YES;
				CLANG_WARN_BLOCK_CAPTURE_AUTORELEASING = YES;
				CLANG_WARN_BOOL_CONVERSION = YES;
				CLANG_WARN_COMMA = YES;
				CLANG_WARN_CONSTANT_CONVERSION = YES;
				CLANG_WARN_DEPRECATED_OBJC_IMPLEMENTATIONS = YES;
				CLANG_WARN_DIRECT_OBJC_ISA_USAGE = YES_ERROR;
				CLANG_WARN_DOCUMENTATION_COMMENTS = YES;
				CLANG_WARN_EMPTY_BODY = YES;
				CLANG_WARN_ENUM_CONVERSION = YES;
				CLANG_WARN_INFINITE_RECURSION = YES;
				CLANG_WARN_INT_CONVERSION = YES;
				CLANG_WARN_NON_LITERAL_NULL_CONVERSION = YES;
				CLANG_WARN_OBJC_IMPLICIT_RETAIN_SELF = YES;
				CLANG_WARN_OBJC_LITERAL_CONVERSION = YES;
				CLANG_WARN_OBJC_ROOT_CLASS = YES_ERROR;
				CLANG_WARN_QUOTED_INCLUDE_IN_FRAMEWORK_HEADER = YES;
				CLANG_WARN_RANGE_LOOP_ANALYSIS = YES;
				CLANG_WARN_STRICT_PROTOTYPES = YES;
				CLANG_WARN_SUSPICIOUS_MOVE = YES;
				CLANG_WARN_UNGUARDED_AVAILABILITY = YES_AGGRESSIVE;
				CLANG_WARN_UNREACHABLE_CODE = YES;
				CLANG_WARN__DUPLICATE_METHOD_MATCH = YES;
				COPY_PHASE_STRIP = NO;
				DEBUG_INFORMATION_FORMAT = dwarf;
				ENABLE_STRICT_OBJC_MSGSEND = YES;
				ENABLE_TESTABILITY = YES;
				ENABLE_USER_SCRIPT_SANDBOXING = YES;
				GCC_C_LANGUAGE_STANDARD = gnu17;
				GCC_DYNAMIC_NO_PIC = NO;
				GCC_NO_COMMON_BLOCKS = YES;
				GCC_OPTIMIZATION_LEVEL = 0;
				GCC_PREPROCESSOR_DEFINITIONS = (
					"DEBUG=1",
					"$(inherited)",
				);
				GCC_WARN_64_TO_32_BIT_CONVERSION = YES;
				GCC_WARN_ABOUT_RETURN_TYPE = YES_ERROR;
				GCC_WARN_UNDECLARED_SELECTOR = YES;
				GCC_WARN_UNINITIALIZED_AUTOS = YES_AGGRESSIVE;
				GCC_WARN_UNUSED_FUNCTION = YES;
				GCC_WARN_UNUSED_VARIABLE = YES;
				IPHONEOS_DEPLOYMENT_TARGET = 17.2;
				LOCALIZATION_PREFERS_STRING_CATALOGS = YES;
				MTL_ENABLE_DEBUG_INFO = INCLUDE_SOURCE;
				MTL_FAST_MATH = YES;
				ONLY_ACTIVE_ARCH = YES;
				SDKROOT = iphoneos;
				SWIFT_ACTIVE_COMPILATION_CONDITIONS = "DEBUG $(inherited)";
				SWIFT_OPTIMIZATION_LEVEL = "-Onone";
			};
			name = Debug;
		};
		DFF7DF202C01216D004BE685 /* Release */ = {
			isa = XCBuildConfiguration;
			buildSettings = {
				ALWAYS_SEARCH_USER_PATHS = NO;
				ASSETCATALOG_COMPILER_GENERATE_SWIFT_ASSET_SYMBOL_EXTENSIONS = YES;
				CLANG_ANALYZER_NONNULL = YES;
				CLANG_ANALYZER_NUMBER_OBJECT_CONVERSION = YES_AGGRESSIVE;
				CLANG_CXX_LANGUAGE_STANDARD = "gnu++20";
				CLANG_ENABLE_MODULES = YES;
				CLANG_ENABLE_OBJC_ARC = YES;
				CLANG_ENABLE_OBJC_WEAK = YES;
				CLANG_WARN_BLOCK_CAPTURE_AUTORELEASING = YES;
				CLANG_WARN_BOOL_CONVERSION = YES;
				CLANG_WARN_COMMA = YES;
				CLANG_WARN_CONSTANT_CONVERSION = YES;
				CLANG_WARN_DEPRECATED_OBJC_IMPLEMENTATIONS = YES;
				CLANG_WARN_DIRECT_OBJC_ISA_USAGE = YES_ERROR;
				CLANG_WARN_DOCUMENTATION_COMMENTS = YES;
				CLANG_WARN_EMPTY_BODY = YES;
				CLANG_WARN_ENUM_CONVERSION = YES;
				CLANG_WARN_INFINITE_RECURSION = YES;
				CLANG_WARN_INT_CONVERSION = YES;
				CLANG_WARN_NON_LITERAL_NULL_CONVERSION = YES;
				CLANG_WARN_OBJC_IMPLICIT_RETAIN_SELF = YES;
				CLANG_WARN_OBJC_LITERAL_CONVERSION = YES;
				CLANG_WARN_OBJC_ROOT_CLASS = YES_ERROR;
				CLANG_WARN_QUOTED_INCLUDE_IN_FRAMEWORK_HEADER = YES;
				CLANG_WARN_RANGE_LOOP_ANALYSIS = YES;
				CLANG_WARN_STRICT_PROTOTYPES = YES;
				CLANG_WARN_SUSPICIOUS_MOVE = YES;
				CLANG_WARN_UNGUARDED_AVAILABILITY = YES_AGGRESSIVE;
				CLANG_WARN_UNREACHABLE_CODE = YES;
				CLANG_WARN__DUPLICATE_METHOD_MATCH = YES;
				COPY_PHASE_STRIP = NO;
				DEBUG_INFORMATION_FORMAT = "dwarf-with-dsym";
				ENABLE_NS_ASSERTIONS = NO;
				ENABLE_STRICT_OBJC_MSGSEND = YES;
				ENABLE_USER_SCRIPT_SANDBOXING = YES;
				GCC_C_LANGUAGE_STANDARD = gnu17;
				GCC_NO_COMMON_BLOCKS = YES;
				GCC_WARN_64_TO_32_BIT_CONVERSION = YES;
				GCC_WARN_ABOUT_RETURN_TYPE = YES_ERROR;
				GCC_WARN_UNDECLARED_SELECTOR = YES;
				GCC_WARN_UNINITIALIZED_AUTOS = YES_AGGRESSIVE;
				GCC_WARN_UNUSED_FUNCTION = YES;
				GCC_WARN_UNUSED_VARIABLE = YES;
				IPHONEOS_DEPLOYMENT_TARGET = 17.2;
				LOCALIZATION_PREFERS_STRING_CATALOGS = YES;
				MTL_ENABLE_DEBUG_INFO = NO;
				MTL_FAST_MATH = YES;
				SDKROOT = iphoneos;
				SWIFT_COMPILATION_MODE = wholemodule;
				VALIDATE_PRODUCT = YES;
			};
			name = Release;
		};
		DFF7DF222C01216D004BE685 /* Debug */ = {
			isa = XCBuildConfiguration;
			buildSettings = {
				ASSETCATALOG_COMPILER_APPICON_NAME = AppIcon;
				ASSETCATALOG_COMPILER_GLOBAL_ACCENT_COLOR_NAME = AccentColor;
				CODE_SIGN_STYLE = Automatic;
				CURRENT_PROJECT_VERSION = 1;
				DEVELOPMENT_ASSET_PATHS = "\"CryptoApp/Preview Content\"";
				ENABLE_PREVIEWS = YES;
				GENERATE_INFOPLIST_FILE = YES;
				INFOPLIST_KEY_CFBundleDisplayName = "Crypto Tracker";
				INFOPLIST_KEY_UIApplicationSceneManifest_Generation = YES;
				INFOPLIST_KEY_UIApplicationSupportsIndirectInputEvents = YES;
				INFOPLIST_KEY_UILaunchScreen_Generation = YES;
				INFOPLIST_KEY_UISupportedInterfaceOrientations = UIInterfaceOrientationPortrait;
				INFOPLIST_KEY_UISupportedInterfaceOrientations_iPad = "UIInterfaceOrientationLandscapeLeft UIInterfaceOrientationLandscapeRight UIInterfaceOrientationPortrait UIInterfaceOrientationPortraitUpsideDown";
				LD_RUNPATH_SEARCH_PATHS = (
					"$(inherited)",
					"@executable_path/Frameworks",
				);
				MARKETING_VERSION = 1.0;
				PRODUCT_BUNDLE_IDENTIFIER = me.ozmus.enes.CryptoApp;
				PRODUCT_NAME = "$(TARGET_NAME)";
				SWIFT_EMIT_LOC_STRINGS = YES;
				SWIFT_VERSION = 5.0;
				TARGETED_DEVICE_FAMILY = "1,2";
			};
			name = Debug;
		};
		DFF7DF232C01216D004BE685 /* Release */ = {
			isa = XCBuildConfiguration;
			buildSettings = {
				ASSETCATALOG_COMPILER_APPICON_NAME = AppIcon;
				ASSETCATALOG_COMPILER_GLOBAL_ACCENT_COLOR_NAME = AccentColor;
				CODE_SIGN_STYLE = Automatic;
				CURRENT_PROJECT_VERSION = 1;
				DEVELOPMENT_ASSET_PATHS = "\"CryptoApp/Preview Content\"";
				ENABLE_PREVIEWS = YES;
				GENERATE_INFOPLIST_FILE = YES;
				INFOPLIST_KEY_CFBundleDisplayName = "Crypto Tracker";
				INFOPLIST_KEY_UIApplicationSceneManifest_Generation = YES;
				INFOPLIST_KEY_UIApplicationSupportsIndirectInputEvents = YES;
				INFOPLIST_KEY_UILaunchScreen_Generation = YES;
				INFOPLIST_KEY_UISupportedInterfaceOrientations = UIInterfaceOrientationPortrait;
				INFOPLIST_KEY_UISupportedInterfaceOrientations_iPad = "UIInterfaceOrientationLandscapeLeft UIInterfaceOrientationLandscapeRight UIInterfaceOrientationPortrait UIInterfaceOrientationPortraitUpsideDown";
				LD_RUNPATH_SEARCH_PATHS = (
					"$(inherited)",
					"@executable_path/Frameworks",
				);
				MARKETING_VERSION = 1.0;
				PRODUCT_BUNDLE_IDENTIFIER = me.ozmus.enes.CryptoApp;
				PRODUCT_NAME = "$(TARGET_NAME)";
				SWIFT_EMIT_LOC_STRINGS = YES;
				SWIFT_VERSION = 5.0;
				TARGETED_DEVICE_FAMILY = "1,2";
			};
			name = Release;
		};
/* End XCBuildConfiguration section */

/* Begin XCConfigurationList section */
		DFF7DF0E2C01216C004BE685 /* Build configuration list for PBXProject "CryptoApp" */ = {
			isa = XCConfigurationList;
			buildConfigurations = (
				DFF7DF1F2C01216D004BE685 /* Debug */,
				DFF7DF202C01216D004BE685 /* Release */,
			);
			defaultConfigurationIsVisible = 0;
			defaultConfigurationName = Release;
		};
		DFF7DF212C01216D004BE685 /* Build configuration list for PBXNativeTarget "CryptoApp" */ = {
			isa = XCConfigurationList;
			buildConfigurations = (
				DFF7DF222C01216D004BE685 /* Debug */,
				DFF7DF232C01216D004BE685 /* Release */,
			);
			defaultConfigurationIsVisible = 0;
			defaultConfigurationName = Release;
		};
/* End XCConfigurationList section */
	};
	rootObject = DFF7DF0B2C01216C004BE685 /* Project object */;
}
